
Microsoft Visual Studio Solution File, Format Version 12.00
# Visual Studio Version 16
VisualStudioVersion = 16.0.31424.327
MinimumVisualStudioVersion = 10.0.40219.1
Project("{FAE04EC0-301F-11D3-BF4B-00C04F79EFBC}") = "hWor1-7", "hWor1-7.csproj", "{C9587ABE-50DA-46DE-8E26-83314520BA41}"
EndProject
Project("{FAE04EC0-301F-11D3-BF4B-00C04F79EFBC}") = "CheckNum", "..\CheckNum\CheckNum.csproj", "{ECEF9D84-0224-4EAF-9679-AECB75CDAF5F}"
EndProject
Global
	GlobalSection(SolutionConfigurationPlatforms) = preSolution
		Debug|Any CPU = Debug|Any CPU
		Release|Any CPU = Release|Any CPU
	EndGlobalSection
	GlobalSection(ProjectConfigurationPlatforms) = postSolution
		{C9587ABE-50DA-46DE-8E26-83314520BA41}.Debug|Any CPU.ActiveCfg = Debug|Any CPU
		{C9587ABE-50DA-46DE-8E26-83314520BA41}.Debug|Any CPU.Build.0 = Debug|Any CPU
		{C9587ABE-50DA-46DE-8E26-83314520BA41}.Release|Any CPU.ActiveCfg = Release|Any CPU
		{C9587ABE-50DA-46DE-8E26-83314520BA41}.Release|Any CPU.Build.0 = Release|Any CPU
		{ECEF9D84-0224-4EAF-9679-AECB75CDAF5F}.Debug|Any CPU.ActiveCfg = Debug|Any CPU
		{ECEF9D84-0224-4EAF-9679-AECB75CDAF5F}.Debug|Any CPU.Build.0 = Debug|Any CPU
		{ECEF9D84-0224-4EAF-9679-AECB75CDAF5F}.Release|Any CPU.ActiveCfg = Release|Any CPU
		{ECEF9D84-0224-4EAF-9679-AECB75CDAF5F}.Release|Any CPU.Build.0 = Release|Any CPU
	EndGlobalSection
	GlobalSection(SolutionProperties) = preSolution
		HideSolutionNode = FALSE
	EndGlobalSection
	GlobalSection(ExtensibilityGlobals) = postSolution
		SolutionGuid = {E913FA7B-E85D-43FA-8B2F-2E3FB53C2541}
	EndGlobalSection
EndGlobal
